
Microsoft Visual Studio Solution File, Format Version 12.00
# Visual Studio 14
VisualStudioVersion = 14.0.25420.1
MinimumVisualStudioVersion = 10.0.40219.1
Project("{FAE04EC0-301F-11D3-BF4B-00C04F79EFBC}") = "LabEtt", "LabEtt\LabEtt.csproj", "{8F200C7E-DD01-485A-B9F8-C0E98788DE4B}"
EndProject
Project("{2150E333-8FDC-42A3-9474-1A3956D46DE8}") = "LabTwo", "LabTwo", "{264B9A0B-B63D-4F1D-B76C-AC582D9ACA9E}"
EndProject
Project("{2150E333-8FDC-42A3-9474-1A3956D46DE8}") = "Lab2", "Lab2", "{364653DA-206A-4C82-B936-BD916033DDCC}"
EndProject
Project("{FAE04EC0-301F-11D3-BF4B-00C04F79EFBC}") = "Lab2", "Lab2_1\Lab2.csproj", "{8C14760F-F3F6-4363-99A5-65FD71E4DEE1}"
EndProject
Project("{2150E333-8FDC-42A3-9474-1A3956D46DE8}") = "LabTre", "LabTre", "{7A437725-CBEB-4B72-BCCD-0F08A6E58C12}"
EndProject
Project("{FAE04EC0-301F-11D3-BF4B-00C04F79EFBC}") = "Lab3", "Lab3\Lab3.csproj", "{CE572B99-B01E-41BF-AF06-10C57ABCA4C0}"
EndProject
Project("{2150E333-8FDC-42A3-9474-1A3956D46DE8}") = "LabFyra", "LabFyra", "{67D4DFA6-43D6-4369-8EDC-16B1BDE1E74C}"
EndProject
Project("{FAE04EC0-301F-11D3-BF4B-00C04F79EFBC}") = "Lab4", "Lab4\Lab4.csproj", "{91FAEBD9-81B4-40EB-85D1-7707E52D3B22}"
EndProject
Global
	GlobalSection(SolutionConfigurationPlatforms) = preSolution
		Debug|Any CPU = Debug|Any CPU
		Release|Any CPU = Release|Any CPU
	EndGlobalSection
	GlobalSection(ProjectConfigurationPlatforms) = postSolution
		{8F200C7E-DD01-485A-B9F8-C0E98788DE4B}.Debug|Any CPU.ActiveCfg = Debug|Any CPU
		{8F200C7E-DD01-485A-B9F8-C0E98788DE4B}.Debug|Any CPU.Build.0 = Debug|Any CPU
		{8F200C7E-DD01-485A-B9F8-C0E98788DE4B}.Release|Any CPU.ActiveCfg = Release|Any CPU
		{8F200C7E-DD01-485A-B9F8-C0E98788DE4B}.Release|Any CPU.Build.0 = Release|Any CPU
		{8C14760F-F3F6-4363-99A5-65FD71E4DEE1}.Debug|Any CPU.ActiveCfg = Debug|Any CPU
		{8C14760F-F3F6-4363-99A5-65FD71E4DEE1}.Debug|Any CPU.Build.0 = Debug|Any CPU
		{8C14760F-F3F6-4363-99A5-65FD71E4DEE1}.Release|Any CPU.ActiveCfg = Release|Any CPU
		{8C14760F-F3F6-4363-99A5-65FD71E4DEE1}.Release|Any CPU.Build.0 = Release|Any CPU
		{CE572B99-B01E-41BF-AF06-10C57ABCA4C0}.Debug|Any CPU.ActiveCfg = Debug|Any CPU
		{CE572B99-B01E-41BF-AF06-10C57ABCA4C0}.Debug|Any CPU.Build.0 = Debug|Any CPU
		{CE572B99-B01E-41BF-AF06-10C57ABCA4C0}.Release|Any CPU.ActiveCfg = Release|Any CPU
		{CE572B99-B01E-41BF-AF06-10C57ABCA4C0}.Release|Any CPU.Build.0 = Release|Any CPU
		{91FAEBD9-81B4-40EB-85D1-7707E52D3B22}.Debug|Any CPU.ActiveCfg = Debug|Any CPU
		{91FAEBD9-81B4-40EB-85D1-7707E52D3B22}.Debug|Any CPU.Build.0 = Debug|Any CPU
		{91FAEBD9-81B4-40EB-85D1-7707E52D3B22}.Release|Any CPU.ActiveCfg = Release|Any CPU
		{91FAEBD9-81B4-40EB-85D1-7707E52D3B22}.Release|Any CPU.Build.0 = Release|Any CPU
	EndGlobalSection
	GlobalSection(SolutionProperties) = preSolution
		HideSolutionNode = FALSE
	EndGlobalSection
	GlobalSection(NestedProjects) = preSolution
		{364653DA-206A-4C82-B936-BD916033DDCC} = {264B9A0B-B63D-4F1D-B76C-AC582D9ACA9E}
		{8C14760F-F3F6-4363-99A5-65FD71E4DEE1} = {364653DA-206A-4C82-B936-BD916033DDCC}
		{CE572B99-B01E-41BF-AF06-10C57ABCA4C0} = {7A437725-CBEB-4B72-BCCD-0F08A6E58C12}
		{91FAEBD9-81B4-40EB-85D1-7707E52D3B22} = {67D4DFA6-43D6-4369-8EDC-16B1BDE1E74C}
	EndGlobalSection
EndGlobal
